
Microsoft Visual Studio Solution File, Format Version 12.00
# Visual Studio 15
VisualStudioVersion = 15.0.28307.421
MinimumVisualStudioVersion = 10.0.40219.1
Project("{FAE04EC0-301F-11D3-BF4B-00C04F79EFBC}") = "PolyInterface", "PolyInterface\PolyInterface.csproj", "{6CF54EC3-A918-418E-AB7E-5EC5F353DFF6}"
EndProject
Global
	GlobalSection(SolutionConfigurationPlatforms) = preSolution
		Debug|Any CPU = Debug|Any CPU
		Release|Any CPU = Release|Any CPU
	EndGlobalSection
	GlobalSection(ProjectConfigurationPlatforms) = postSolution
		{6CF54EC3-A918-418E-AB7E-5EC5F353DFF6}.Debug|Any CPU.ActiveCfg = Debug|Any CPU
		{6CF54EC3-A918-418E-AB7E-5EC5F353DFF6}.Debug|Any CPU.Build.0 = Debug|Any CPU
		{6CF54EC3-A918-418E-AB7E-5EC5F353DFF6}.Release|Any CPU.ActiveCfg = Release|Any CPU
		{6CF54EC3-A918-418E-AB7E-5EC5F353DFF6}.Release|Any CPU.Build.0 = Release|Any CPU
	EndGlobalSection
	GlobalSection(SolutionProperties) = preSolution
		HideSolutionNode = FALSE
	EndGlobalSection
	GlobalSection(ExtensibilityGlobals) = postSolution
		SolutionGuid = {7F6ECCEF-8D78-45B6-8986-241ABD5DDAE6}
	EndGlobalSection
EndGlobal
